
Microsoft Visual Studio Solution File, Format Version 12.00
# Visual Studio Version 17
VisualStudioVersion = 17.0.31903.59
MinimumVisualStudioVersion = 10.0.40219.1
Project("{FAE04EC0-301F-11D3-BF4B-00C04F79EFBC}") = "CareeriCS.Api", "CareeriCS.Api\CareeriCS.Api.csproj", "{8055255D-5027-4F40-A7D1-3B533B466B1E}"
EndProject
Project("{FAE04EC0-301F-11D3-BF4B-00C04F79EFBC}") = "CareeriCS.Domain", "CareeriCS.Domain\CareeriCS.Domain.csproj", "{F5A7FAC8-75C6-444B-BDD0-46A2274FDF63}"
EndProject
Project("{FAE04EC0-301F-11D3-BF4B-00C04F79EFBC}") = "CareeriCS.Application", "CareeriCS.Application\CareeriCS.Application.csproj", "{2DC56E82-0F09-45E0-B978-D0803D568CC3}"
EndProject
Project("{FAE04EC0-301F-11D3-BF4B-00C04F79EFBC}") = "CareeriCS.Infrastructure", "CareeriCS.Infrastructure\CareeriCS.Infrastructure.csproj", "{EF04A63C-66DC-4808-9728-94E825645CEB}"
EndProject
Global
	GlobalSection(SolutionConfigurationPlatforms) = preSolution
		Debug|Any CPU = Debug|Any CPU
		Debug|x64 = Debug|x64
		Debug|x86 = Debug|x86
		Release|Any CPU = Release|Any CPU
		Release|x64 = Release|x64
		Release|x86 = Release|x86
	EndGlobalSection
	GlobalSection(ProjectConfigurationPlatforms) = postSolution
		{8055255D-5027-4F40-A7D1-3B533B466B1E}.Debug|Any CPU.ActiveCfg = Debug|Any CPU
		{8055255D-5027-4F40-A7D1-3B533B466B1E}.Debug|Any CPU.Build.0 = Debug|Any CPU
		{8055255D-5027-4F40-A7D1-3B533B466B1E}.Debug|x64.ActiveCfg = Debug|Any CPU
		{8055255D-5027-4F40-A7D1-3B533B466B1E}.Debug|x64.Build.0 = Debug|Any CPU
		{8055255D-5027-4F40-A7D1-3B533B466B1E}.Debug|x86.ActiveCfg = Debug|Any CPU
		{8055255D-5027-4F40-A7D1-3B533B466B1E}.Debug|x86.Build.0 = Debug|Any CPU
		{8055255D-5027-4F40-A7D1-3B533B466B1E}.Release|Any CPU.ActiveCfg = Release|Any CPU
		{8055255D-5027-4F40-A7D1-3B533B466B1E}.Release|Any CPU.Build.0 = Release|Any CPU
		{8055255D-5027-4F40-A7D1-3B533B466B1E}.Release|x64.ActiveCfg = Release|Any CPU
		{8055255D-5027-4F40-A7D1-3B533B466B1E}.Release|x64.Build.0 = Release|Any CPU
		{8055255D-5027-4F40-A7D1-3B533B466B1E}.Release|x86.ActiveCfg = Release|Any CPU
		{8055255D-5027-4F40-A7D1-3B533B466B1E}.Release|x86.Build.0 = Release|Any CPU
		{F5A7FAC8-75C6-444B-BDD0-46A2274FDF63}.Debug|Any CPU.ActiveCfg = Debug|Any CPU
		{F5A7FAC8-75C6-444B-BDD0-46A2274FDF63}.Debug|Any CPU.Build.0 = Debug|Any CPU
		{F5A7FAC8-75C6-444B-BDD0-46A2274FDF63}.Debug|x64.ActiveCfg = Debug|Any CPU
		{F5A7FAC8-75C6-444B-BDD0-46A2274FDF63}.Debug|x64.Build.0 = Debug|Any CPU
		{F5A7FAC8-75C6-444B-BDD0-46A2274FDF63}.Debug|x86.ActiveCfg = Debug|Any CPU
		{F5A7FAC8-75C6-444B-BDD0-46A2274FDF63}.Debug|x86.Build.0 = Debug|Any CPU
		{F5A7FAC8-75C6-444B-BDD0-46A2274FDF63}.Release|Any CPU.ActiveCfg = Release|Any CPU
		{F5A7FAC8-75C6-444B-BDD0-46A2274FDF63}.Release|Any CPU.Build.0 = Release|Any CPU
		{F5A7FAC8-75C6-444B-BDD0-46A2274FDF63}.Release|x64.ActiveCfg = Release|Any CPU
		{F5A7FAC8-75C6-444B-BDD0-46A2274FDF63}.Release|x64.Build.0 = Release|Any CPU
		{F5A7FAC8-75C6-444B-BDD0-46A2274FDF63}.Release|x86.ActiveCfg = Release|Any CPU
		{F5A7FAC8-75C6-444B-BDD0-46A2274FDF63}.Release|x86.Build.0 = Release|Any CPU
		{2DC56E82-0F09-45E0-B978-D0803D568CC3}.Debug|Any CPU.ActiveCfg = Debug|Any CPU
		{2DC56E82-0F09-45E0-B978-D0803D568CC3}.Debug|Any CPU.Build.0 = Debug|Any CPU
		{2DC56E82-0F09-45E0-B978-D0803D568CC3}.Debug|x64.ActiveCfg = Debug|Any CPU
		{2DC56E82-0F09-45E0-B978-D0803D568CC3}.Debug|x64.Build.0 = Debug|Any CPU
		{2DC56E82-0F09-45E0-B978-D0803D568CC3}.Debug|x86.ActiveCfg = Debug|Any CPU
		{2DC56E82-0F09-45E0-B978-D0803D568CC3}.Debug|x86.Build.0 = Debug|Any CPU
		{2DC56E82-0F09-45E0-B978-D0803D568CC3}.Release|Any CPU.ActiveCfg = Release|Any CPU
		{2DC56E82-0F09-45E0-B978-D0803D568CC3}.Release|Any CPU.Build.0 = Release|Any CPU
		{2DC56E82-0F09-45E0-B978-D0803D568CC3}.Release|x64.ActiveCfg = Release|Any CPU
		{2DC56E82-0F09-45E0-B978-D0803D568CC3}.Release|x64.Build.0 = Release|Any CPU
		{2DC56E82-0F09-45E0-B978-D0803D568CC3}.Release|x86.ActiveCfg = Release|Any CPU
		{2DC56E82-0F09-45E0-B978-D0803D568CC3}.Release|x86.Build.0 = Release|Any CPU
		{EF04A63C-66DC-4808-9728-94E825645CEB}.Debug|Any CPU.ActiveCfg = Debug|Any CPU
		{EF04A63C-66DC-4808-9728-94E825645CEB}.Debug|Any CPU.Build.0 = Debug|Any CPU
		{EF04A63C-66DC-4808-9728-94E825645CEB}.Debug|x64.ActiveCfg = Debug|Any CPU
		{EF04A63C-66DC-4808-9728-94E825645CEB}.Debug|x64.Build.0 = Debug|Any CPU
		{EF04A63C-66DC-4808-9728-94E825645CEB}.Debug|x86.ActiveCfg = Debug|Any CPU
		{EF04A63C-66DC-4808-9728-94E825645CEB}.Debug|x86.Build.0 = Debug|Any CPU
		{EF04A63C-66DC-4808-9728-94E825645CEB}.Release|Any CPU.ActiveCfg = Release|Any CPU
		{EF04A63C-66DC-4808-9728-94E825645CEB}.Release|Any CPU.Build.0 = Release|Any CPU
		{EF04A63C-66DC-4808-9728-94E825645CEB}.Release|x64.ActiveCfg = Release|Any CPU
		{EF04A63C-66DC-4808-9728-94E825645CEB}.Release|x64.Build.0 = Release|Any CPU
		{EF04A63C-66DC-4808-9728-94E825645CEB}.Release|x86.ActiveCfg = Release|Any CPU
		{EF04A63C-66DC-4808-9728-94E825645CEB}.Release|x86.Build.0 = Release|Any CPU
	EndGlobalSection
	GlobalSection(SolutionProperties) = preSolution
		HideSolutionNode = FALSE
	EndGlobalSection
EndGlobal
